{
  "version": 1,
  "dependencies": {
    "net10.0-windows7.0": {
      "ECommons": {
        "type": "Transitive",
        "resolved": "3.1.0.10",
        "contentHash": "afgAdXz9ykESACvgssr9PXsPb8i7ZwSyqw58IGzgURUxkH8Hm1qIxwzybLDE5Eo8BXr4nESGqcRqEpbviH4/3g=="
      },
      "Microsoft.Extensions.DependencyInjection": {
        "type": "Transitive",
        "resolved": "10.0.1",
        "contentHash": "zerXV0GAR9LCSXoSIApbWn+Dq1/T+6vbXMHGduq1LoVQRHT0BXsGQEau0jeLUBUcsoF/NaUT8ADPu8b+eNcIyg==",
        "dependencies": {
          "Microsoft.Extensions.DependencyInjection.Abstractions": "10.0.1"
        }
      },
      "Microsoft.Extensions.DependencyInjection.Abstractions": {
        "type": "Transitive",
        "resolved": "10.0.1",
        "contentHash": "oIy8fQxxbUsSrrOvgBqlVgOeCtDmrcynnTG+FQufcUWBrwyPfwlUkCDB2vaiBeYPyT+20u9/HeuHeBf+H4F/8g=="
      },
      "Microsoft.NETCore.Platforms": {
        "type": "Transitive",
        "resolved": "1.1.0",
        "contentHash": "kz0PEW2lhqygehI/d6XsPCQzD7ff7gUJaVGPVETX611eadGsA3A877GdSlU0LRVMCTH/+P3o2iDTak+S08V2+A=="
      },
      "NETStandard.Library": {
        "type": "Transitive",
        "resolved": "1.6.1",
        "contentHash": "WcSp3+vP+yHNgS8EV5J7pZ9IRpeDuARBPN28by8zqff1wJQXm26PVU8L3/fYLBJVU7BtDyqNVWq2KlCVvSSR4A==",
        "dependencies": {
          "Microsoft.NETCore.Platforms": "1.1.0"
        }
      },
      "Pictomancy": {
        "type": "Transitive",
        "resolved": "0.0.2",
        "contentHash": "th7LcwtMgGWbhfZu7cyKYQKIOpRHzC/O9YvbWy5FSEs0zs1rgC/jgFg1MuX6F4XireR3XJgmg+RcHY+TCKBpsw==",
        "dependencies": {
          "SharpDX.D3DCompiler": "4.2.0",
          "SharpDX.Direct2D1": "4.2.0",
          "SharpDX.Direct3D11": "4.2.0",
          "SharpDX.Mathematics": "4.2.0"
        }
      },
      "SharpDX": {
        "type": "Transitive",
        "resolved": "4.2.0",
        "contentHash": "3pv0LFMvfK/dv1qISJnn8xBeeT6R/FRvr0EV4KI2DGsL84Qlv6P7isWqxGyU0LCwlSVCJN3jgHJ4Bl0KI2PJww==",
        "dependencies": {
          "NETStandard.Library": "1.6.1"
        }
      },
      "SharpDX.D3DCompiler": {
        "type": "Transitive",
        "resolved": "4.2.0",
        "contentHash": "Rnsd6Ilp127xbXqhTit8WKFQUrXwWxqVGpglyWDNkIBCk0tWXNQEjrJpsl0KAObzyZaa33+EXAikLVt5fnd3GA==",
        "dependencies": {
          "NETStandard.Library": "1.6.1",
          "SharpDX": "4.2.0"
        }
      },
      "SharpDX.Direct2D1": {
        "type": "Transitive",
        "resolved": "4.2.0",
        "contentHash": "Qs8LzDMaQf1u3KB8ArHu9pDv6itZ++QXs99a/bVAG+nKr0Hx5NG4mcN5vsfE0mVR2TkeHfeUm4PksRah6VUPtA==",
        "dependencies": {
          "NETStandard.Library": "1.6.1",
          "SharpDX": "4.2.0",
          "SharpDX.DXGI": "4.2.0"
        }
      },
      "SharpDX.Direct3D11": {
        "type": "Transitive",
        "resolved": "4.2.0",
        "contentHash": "oTm/iT5X/IIuJ8kNYP+DTC/MhBhqtRF5dbgPPFgLBdQv0BKzNTzXQQXd7SveBFjQg6hXEAJ2jGCAzNYvGFc9LA==",
        "dependencies": {
          "NETStandard.Library": "1.6.1",
          "SharpDX": "4.2.0",
          "SharpDX.DXGI": "4.2.0"
        }
      },
      "SharpDX.DXGI": {
        "type": "Transitive",
        "resolved": "4.2.0",
        "contentHash": "UjKqkgWc8U+SP+j3LBzFP6OB6Ntapjih7Xo+g1rLcsGbIb5KwewBrBChaUu7sil8rWoeVU/k0EJd3SMN4VqNZw==",
        "dependencies": {
          "NETStandard.Library": "1.6.1",
          "SharpDX": "4.2.0"
        }
      },
      "SharpDX.Mathematics": {
        "type": "Transitive",
        "resolved": "4.2.0",
        "contentHash": "R2pcKLgdsP9p5WyTjHmGOZ0ka0zASAZYc6P4L6rSvjYhf6klGYbent7MiVwbkwkt9dD44p5brjy5IwAnVONWGw==",
        "dependencies": {
          "NETStandard.Library": "1.6.1",
          "SharpDX": "4.2.0"
        }
      },
      "bocchi.buff": {
        "type": "Project",
        "dependencies": {
          "BOCCHI.Common": "[1.0.0, )",
          "FFXIVOcelot": "[1.0.0, )",
          "FFXIVOcelot.Chain": "[1.0.0, )",
          "FFXIVOcelot.ECommons": "[1.0.0, )",
          "FFXIVOcelot.Pathfinding": "[1.0.0, )",
          "FFXIVOcelot.Pictomancy": "[1.0.0, )",
          "FFXIVOcelot.UI": "[1.0.0, )"
        }
      },
      "bocchi.common": {
        "type": "Project",
        "dependencies": {
          "FFXIVOcelot": "[1.0.0, )",
          "FFXIVOcelot.Chain": "[1.0.0, )",
          "FFXIVOcelot.ECommons": "[1.0.0, )",
          "FFXIVOcelot.Pathfinding": "[1.0.0, )",
          "FFXIVOcelot.Pictomancy": "[1.0.0, )",
          "FFXIVOcelot.UI": "[1.0.0, )"
        }
      },
      "FFXIVOcelot": {
        "type": "Project",
        "dependencies": {
          "Microsoft.Extensions.DependencyInjection": "[10.0.1, )"
        }
      },
      "FFXIVOcelot.Chain": {
        "type": "Project",
        "dependencies": {
          "ECommons": "[3.0.1.14, )",
          "FFXIVOcelot": "[1.0.0, )",
          "FFXIVOcelot.Pathfinding": "[1.0.0, )"
        }
      },
      "FFXIVOcelot.ECommons": {
        "type": "Project",
        "dependencies": {
          "ECommons": "[3.1.0.10, )",
          "FFXIVOcelot": "[1.0.0, )"
        }
      },
      "FFXIVOcelot.Pathfinding": {
        "type": "Project",
        "dependencies": {
          "FFXIVOcelot": "[1.0.0, )"
        }
      },
      "FFXIVOcelot.Pictomancy": {
        "type": "Project",
        "dependencies": {
          "FFXIVOcelot": "[1.0.0, )",
          "Pictomancy": "[0.0.2, )"
        }
      },
      "FFXIVOcelot.UI": {
        "type": "Project",
        "dependencies": {
          "FFXIVOcelot": "[1.0.0, )"
        }
      }
    }
  }
}